# This file is generated by running "yarn install" inside your project.
# Manual changes might be lost - proceed with caution!

__metadata:
  version: 6
  cacheKey: 8

"typescript-yarn3@workspace:.":
  version: 0.0.0-use.local
  resolution: "typescript-yarn3@workspace:."
  dependencies:
    typescript: 4.8.1-rc
  languageName: unknown
  linkType: soft

"typescript@npm:4.8.1-rc":
  version: 4.8.1-rc
  resolution: "typescript@npm:4.8.1-rc"
  bin:
    tsc: bin/tsc
    tsserver: bin/tsserver
  checksum: 6dac4f793eb15acd6443c5f2011d85c8eb145382d7a24ab856c4e5d0a7006d116517edd4f561011d87805681fc7b0658e2f130686792f90a96127f07c1438439
  languageName: node
  linkType: hard

"typescript@patch:typescript@4.8.1-rc#~builtin<compat/typescript>":
  version: 4.8.1-rc
  resolution: "typescript@patch:typescript@npm%3A4.8.1-rc#~builtin<compat/typescript>::version=4.8.1-rc&hash=a1c5e5"
  bin:
    tsc: bin/tsc
    tsserver: bin/tsserver
  checksum: 96b03a6fa21ec02097ed89acb552399135777173dd1523b5885a561320acf3be84c12e1fe9df4b2d451b45ea5af56d40acf171c56fd70932db9c11628d6aab2a
  languageName: node
  linkType: hard
